
Microsoft Visual Studio Solution File, Format Version 12.00
# Visual Studio Version 16
VisualStudioVersion = 16.0.30503.244
MinimumVisualStudioVersion = 10.0.40219.1
Project("{FAE04EC0-301F-11D3-BF4B-00C04F79EFBC}") = "ICT3101_Calculator", "ICT3101_Calculator\ICT3101_Calculator.csproj", "{524197C1-EFC2-4728-9D4D-9435FCC13999}"
EndProject
Project("{FAE04EC0-301F-11D3-BF4B-00C04F79EFBC}") = "ICT3101_Calculator.UnitTests", "ICT3101_Calculator.UnitTests\ICT3101_Calculator.UnitTests.csproj", "{3318F8C5-6412-49DC-91E0-239B7E403821}"
EndProject
Global
	GlobalSection(SolutionConfigurationPlatforms) = preSolution
		Debug|Any CPU = Debug|Any CPU
		Release|Any CPU = Release|Any CPU
	EndGlobalSection
	GlobalSection(ProjectConfigurationPlatforms) = postSolution
		{524197C1-EFC2-4728-9D4D-9435FCC13999}.Debug|Any CPU.ActiveCfg = Debug|Any CPU
		{524197C1-EFC2-4728-9D4D-9435FCC13999}.Debug|Any CPU.Build.0 = Debug|Any CPU
		{524197C1-EFC2-4728-9D4D-9435FCC13999}.Release|Any CPU.ActiveCfg = Release|Any CPU
		{524197C1-EFC2-4728-9D4D-9435FCC13999}.Release|Any CPU.Build.0 = Release|Any CPU
		{3318F8C5-6412-49DC-91E0-239B7E403821}.Debug|Any CPU.ActiveCfg = Debug|Any CPU
		{3318F8C5-6412-49DC-91E0-239B7E403821}.Debug|Any CPU.Build.0 = Debug|Any CPU
		{3318F8C5-6412-49DC-91E0-239B7E403821}.Release|Any CPU.ActiveCfg = Release|Any CPU
		{3318F8C5-6412-49DC-91E0-239B7E403821}.Release|Any CPU.Build.0 = Release|Any CPU
	EndGlobalSection
	GlobalSection(SolutionProperties) = preSolution
		HideSolutionNode = FALSE
	EndGlobalSection
	GlobalSection(ExtensibilityGlobals) = postSolution
		SolutionGuid = {2A78D7E9-15D7-4593-B12B-197B2E6124AD}
	EndGlobalSection
EndGlobal
